{
  "name": "performance-monitor",
  "version": "1.0.0",
  "lockfileVersion": 1,
  "requires": true,
  "dependencies": {
    "wpk-reporter": {
      "version": "0.7.1",
      "resolved": "https://registry.npmjs.org/wpk-reporter/-/wpk-reporter-0.7.1.tgz",
      "integrity": "sha512-olWoqafdFHSAYUWAk3HoWX2nw83SWszSYmp5cj86YdXOVgEgCTrlBUBYAe573UqiY/RgIn2Lh+wTcG8z4IXTtw=="
    }
  }
}
